
Microsoft Visual Studio Solution File, Format Version 12.00
# Visual Studio Version 17
VisualStudioVersion = 17.8.34309.116
MinimumVisualStudioVersion = 10.0.40219.1
Project("{9A19103F-16F7-4668-BE54-9A1E7A4F7556}") = "dkgLibrary", "dkgLibrary\dkgLibrary.csproj", "{EA53104D-366D-4F82-A1B0-6367E0883853}"
EndProject
Project("{9A19103F-16F7-4668-BE54-9A1E7A4F7556}") = "dkgLibraryTests", "dkgLibraryTests\dkgLibraryTests.csproj", "{027FD154-6C51-4CB6-A825-6DE15830D895}"
EndProject
Project("{9A19103F-16F7-4668-BE54-9A1E7A4F7556}") = "dkgSample", "dkgSample\dkgSample.csproj", "{93BD904D-CF1B-47A7-8126-488D810CFFF2}"
EndProject
Global
	GlobalSection(SolutionConfigurationPlatforms) = preSolution
		Debug|Any CPU = Debug|Any CPU
		Release|Any CPU = Release|Any CPU
	EndGlobalSection
	GlobalSection(ProjectConfigurationPlatforms) = postSolution
		{EA53104D-366D-4F82-A1B0-6367E0883853}.Debug|Any CPU.ActiveCfg = Debug|Any CPU
		{EA53104D-366D-4F82-A1B0-6367E0883853}.Debug|Any CPU.Build.0 = Debug|Any CPU
		{EA53104D-366D-4F82-A1B0-6367E0883853}.Release|Any CPU.ActiveCfg = Release|Any CPU
		{EA53104D-366D-4F82-A1B0-6367E0883853}.Release|Any CPU.Build.0 = Release|Any CPU
		{027FD154-6C51-4CB6-A825-6DE15830D895}.Debug|Any CPU.ActiveCfg = Debug|Any CPU
		{027FD154-6C51-4CB6-A825-6DE15830D895}.Debug|Any CPU.Build.0 = Debug|Any CPU
		{027FD154-6C51-4CB6-A825-6DE15830D895}.Release|Any CPU.ActiveCfg = Release|Any CPU
		{027FD154-6C51-4CB6-A825-6DE15830D895}.Release|Any CPU.Build.0 = Release|Any CPU
		{93BD904D-CF1B-47A7-8126-488D810CFFF2}.Debug|Any CPU.ActiveCfg = Debug|Any CPU
		{93BD904D-CF1B-47A7-8126-488D810CFFF2}.Debug|Any CPU.Build.0 = Debug|Any CPU
		{93BD904D-CF1B-47A7-8126-488D810CFFF2}.Release|Any CPU.ActiveCfg = Release|Any CPU
		{93BD904D-CF1B-47A7-8126-488D810CFFF2}.Release|Any CPU.Build.0 = Release|Any CPU
	EndGlobalSection
	GlobalSection(SolutionProperties) = preSolution
		HideSolutionNode = FALSE
	EndGlobalSection
	GlobalSection(ExtensibilityGlobals) = postSolution
		SolutionGuid = {FF78BA52-8E5D-4006-8D8C-197F0C54CD3E}
	EndGlobalSection
EndGlobal
